
Microsoft Visual Studio Solution File, Format Version 12.00
# Visual Studio Version 16
VisualStudioVersion = 16.0.30128.74
MinimumVisualStudioVersion = 10.0.40219.1
Project("{2150E333-8FDC-42A3-9474-1A3956D46DE8}") = "Solution Items", "Solution Items", "{F5CA69FE-6A86-4EB4-9909-047EA1988DE4}"
	ProjectSection(SolutionItems) = preProject
		getNugetVersion.ps1 = getNugetVersion.ps1
		introduce.txt = introduce.txt
		readFile.ps1 = readFile.ps1
		README.md = README.md
	EndProjectSection
EndProject
Project("{2150E333-8FDC-42A3-9474-1A3956D46DE8}") = "Sample", "Sample", "{C6A0F6E1-0C61-4D8B-97D9-ED4175B839C5}"
EndProject
Project("{FAE04EC0-301F-11D3-BF4B-00C04F79EFBC}") = "XmlCodeGenerator", "XmlCodeGenerator\XmlCodeGenerator.csproj", "{622F3DB9-67C7-4E31-86CD-F4C2F3865E3D}"
EndProject
Project("{FAE04EC0-301F-11D3-BF4B-00C04F79EFBC}") = "BasicSample", "Sample\BasicSample\BasicSample.csproj", "{5CE76AC7-3DBF-459D-A4B0-B495406F6CB2}"
EndProject
Project("{2150E333-8FDC-42A3-9474-1A3956D46DE8}") = "lib", "lib", "{035CE61F-2E61-4D31-AB17-D112F104A385}"
	ProjectSection(SolutionItems) = preProject
		lib\Microsoft.VisualStudio.CommandBars.dll = lib\Microsoft.VisualStudio.CommandBars.dll
		lib\Microsoft.VisualStudio.Shell.11.0.dll = lib\Microsoft.VisualStudio.Shell.11.0.dll
		lib\Microsoft.VisualStudio.TextTemplating.VSHost.11.0.dll = lib\Microsoft.VisualStudio.TextTemplating.VSHost.11.0.dll
	EndProjectSection
EndProject
Project("{9A19103F-16F7-4668-BE54-9A1E7A4F7556}") = "XmlSrcGenerator", "XmlSrcGenerator\XmlSrcGenerator.csproj", "{EBDC7EC1-98F0-4E58-B97A-3EBCE9CBF42B}"
EndProject
Global
	GlobalSection(SolutionConfigurationPlatforms) = preSolution
		Debug|Any CPU = Debug|Any CPU
		Release|Any CPU = Release|Any CPU
	EndGlobalSection
	GlobalSection(ProjectConfigurationPlatforms) = postSolution
		{622F3DB9-67C7-4E31-86CD-F4C2F3865E3D}.Debug|Any CPU.ActiveCfg = Debug|Any CPU
		{622F3DB9-67C7-4E31-86CD-F4C2F3865E3D}.Debug|Any CPU.Build.0 = Debug|Any CPU
		{622F3DB9-67C7-4E31-86CD-F4C2F3865E3D}.Release|Any CPU.ActiveCfg = Release|Any CPU
		{622F3DB9-67C7-4E31-86CD-F4C2F3865E3D}.Release|Any CPU.Build.0 = Release|Any CPU
		{5CE76AC7-3DBF-459D-A4B0-B495406F6CB2}.Debug|Any CPU.ActiveCfg = Debug|Any CPU
		{5CE76AC7-3DBF-459D-A4B0-B495406F6CB2}.Debug|Any CPU.Build.0 = Debug|Any CPU
		{5CE76AC7-3DBF-459D-A4B0-B495406F6CB2}.Release|Any CPU.ActiveCfg = Release|Any CPU
		{5CE76AC7-3DBF-459D-A4B0-B495406F6CB2}.Release|Any CPU.Build.0 = Release|Any CPU
		{EBDC7EC1-98F0-4E58-B97A-3EBCE9CBF42B}.Debug|Any CPU.ActiveCfg = Debug|Any CPU
		{EBDC7EC1-98F0-4E58-B97A-3EBCE9CBF42B}.Debug|Any CPU.Build.0 = Debug|Any CPU
		{EBDC7EC1-98F0-4E58-B97A-3EBCE9CBF42B}.Release|Any CPU.ActiveCfg = Release|Any CPU
		{EBDC7EC1-98F0-4E58-B97A-3EBCE9CBF42B}.Release|Any CPU.Build.0 = Release|Any CPU
	EndGlobalSection
	GlobalSection(SolutionProperties) = preSolution
		HideSolutionNode = FALSE
	EndGlobalSection
	GlobalSection(NestedProjects) = preSolution
		{5CE76AC7-3DBF-459D-A4B0-B495406F6CB2} = {C6A0F6E1-0C61-4D8B-97D9-ED4175B839C5}
	EndGlobalSection
	GlobalSection(ExtensibilityGlobals) = postSolution
		SolutionGuid = {E62A0BFD-1E40-48A5-A2F5-519FED6A656E}
	EndGlobalSection
	GlobalSection(CodealikeProperties) = postSolution
		SolutionGuid = 24cb72a6-a712-44f9-aeca-ba49f77b2904
	EndGlobalSection
EndGlobal
